
Microsoft Visual Studio Solution File, Format Version 12.00
# Visual Studio 2012
Project("{FAE04EC0-301F-11D3-BF4B-00C04F79EFBC}") = "TheAirline", "TheAirline\TheAirline.csproj", "{63A09097-FD0E-4159-A2ED-528EA26FD097}"
EndProject
Project("{FAE04EC0-301F-11D3-BF4B-00C04F79EFBC}") = "LanguageEditor", "LanguageEditor\LanguageEditor.csproj", "{68A008FE-2751-4503-8C0F-0B44B5973032}"
	ProjectSection(ProjectDependencies) = postProject
		{63A09097-FD0E-4159-A2ED-528EA26FD097} = {63A09097-FD0E-4159-A2ED-528EA26FD097}
	EndProjectSection
EndProject
Project("{FAE04EC0-301F-11D3-BF4B-00C04F79EFBC}") = "AirportCSVReader", "AirportCSVReader\AirportCSVReader.csproj", "{EB3DBB3B-B929-435D-8461-10F0EBE9DF29}"
	ProjectSection(ProjectDependencies) = postProject
		{63A09097-FD0E-4159-A2ED-528EA26FD097} = {63A09097-FD0E-4159-A2ED-528EA26FD097}
	EndProjectSection
EndProject
Global
	GlobalSection(SubversionScc) = preSolution
		Svn-Managed = True
		Manager = AnkhSVN - Subversion Support for Visual Studio
	EndGlobalSection
	GlobalSection(SolutionConfigurationPlatforms) = preSolution
		Debug|Any CPU = Debug|Any CPU
		Debug|Mixed Platforms = Debug|Mixed Platforms
		Debug|x86 = Debug|x86
		Release|Any CPU = Release|Any CPU
		Release|Mixed Platforms = Release|Mixed Platforms
		Release|x86 = Release|x86
	EndGlobalSection
	GlobalSection(ProjectConfigurationPlatforms) = postSolution
		{63A09097-FD0E-4159-A2ED-528EA26FD097}.Debug|Any CPU.ActiveCfg = Debug|Any CPU
		{63A09097-FD0E-4159-A2ED-528EA26FD097}.Debug|Any CPU.Build.0 = Debug|Any CPU
		{63A09097-FD0E-4159-A2ED-528EA26FD097}.Debug|Mixed Platforms.ActiveCfg = Debug|Any CPU
		{63A09097-FD0E-4159-A2ED-528EA26FD097}.Debug|Mixed Platforms.Build.0 = Debug|Any CPU
		{63A09097-FD0E-4159-A2ED-528EA26FD097}.Debug|x86.ActiveCfg = Debug|Any CPU
		{63A09097-FD0E-4159-A2ED-528EA26FD097}.Debug|x86.Build.0 = Debug|Any CPU
		{63A09097-FD0E-4159-A2ED-528EA26FD097}.Release|Any CPU.ActiveCfg = Release|Any CPU
		{63A09097-FD0E-4159-A2ED-528EA26FD097}.Release|Any CPU.Build.0 = Release|Any CPU
		{63A09097-FD0E-4159-A2ED-528EA26FD097}.Release|Mixed Platforms.ActiveCfg = Release|Any CPU
		{63A09097-FD0E-4159-A2ED-528EA26FD097}.Release|Mixed Platforms.Build.0 = Release|Any CPU
		{63A09097-FD0E-4159-A2ED-528EA26FD097}.Release|x86.ActiveCfg = Release|Any CPU
		{63A09097-FD0E-4159-A2ED-528EA26FD097}.Release|x86.Build.0 = Release|Any CPU
		{68A008FE-2751-4503-8C0F-0B44B5973032}.Debug|Any CPU.ActiveCfg = Debug|Any CPU
		{68A008FE-2751-4503-8C0F-0B44B5973032}.Debug|Any CPU.Build.0 = Debug|Any CPU
		{68A008FE-2751-4503-8C0F-0B44B5973032}.Debug|Mixed Platforms.ActiveCfg = Debug|Any CPU
		{68A008FE-2751-4503-8C0F-0B44B5973032}.Debug|Mixed Platforms.Build.0 = Debug|Any CPU
		{68A008FE-2751-4503-8C0F-0B44B5973032}.Debug|x86.ActiveCfg = Debug|Any CPU
		{68A008FE-2751-4503-8C0F-0B44B5973032}.Debug|x86.Build.0 = Debug|Any CPU
		{68A008FE-2751-4503-8C0F-0B44B5973032}.Release|Any CPU.ActiveCfg = Release|Any CPU
		{68A008FE-2751-4503-8C0F-0B44B5973032}.Release|Any CPU.Build.0 = Release|Any CPU
		{68A008FE-2751-4503-8C0F-0B44B5973032}.Release|Mixed Platforms.ActiveCfg = Release|Any CPU
		{68A008FE-2751-4503-8C0F-0B44B5973032}.Release|Mixed Platforms.Build.0 = Release|Any CPU
		{68A008FE-2751-4503-8C0F-0B44B5973032}.Release|x86.ActiveCfg = Release|Any CPU
		{68A008FE-2751-4503-8C0F-0B44B5973032}.Release|x86.Build.0 = Release|Any CPU
		{EB3DBB3B-B929-435D-8461-10F0EBE9DF29}.Debug|Any CPU.ActiveCfg = Debug|Any CPU
		{EB3DBB3B-B929-435D-8461-10F0EBE9DF29}.Debug|Any CPU.Build.0 = Debug|Any CPU
		{EB3DBB3B-B929-435D-8461-10F0EBE9DF29}.Debug|Mixed Platforms.ActiveCfg = Debug|Any CPU
		{EB3DBB3B-B929-435D-8461-10F0EBE9DF29}.Debug|Mixed Platforms.Build.0 = Debug|Any CPU
		{EB3DBB3B-B929-435D-8461-10F0EBE9DF29}.Debug|x86.ActiveCfg = Debug|Any CPU
		{EB3DBB3B-B929-435D-8461-10F0EBE9DF29}.Debug|x86.Build.0 = Debug|Any CPU
		{EB3DBB3B-B929-435D-8461-10F0EBE9DF29}.Release|Any CPU.ActiveCfg = Release|Any CPU
		{EB3DBB3B-B929-435D-8461-10F0EBE9DF29}.Release|Any CPU.Build.0 = Release|Any CPU
		{EB3DBB3B-B929-435D-8461-10F0EBE9DF29}.Release|Mixed Platforms.ActiveCfg = Release|Any CPU
		{EB3DBB3B-B929-435D-8461-10F0EBE9DF29}.Release|Mixed Platforms.Build.0 = Release|Any CPU
		{EB3DBB3B-B929-435D-8461-10F0EBE9DF29}.Release|x86.ActiveCfg = Release|Any CPU
	EndGlobalSection
	GlobalSection(SolutionProperties) = preSolution
		HideSolutionNode = FALSE
	EndGlobalSection
EndGlobal
